// !$*UTF8*$!
{
	archiveVersion = 1;
	classes = {
	};
	objectVersion = 56;
	objects = {

/* Begin PBXBuildFile section */
		B13804042BE2BDC900D25CB7 /* MainMovieCellTableViewCell.xib in Resources */ = {isa = PBXBuildFile; fileRef = B13804032BE2BDC800D25CB7 /* MainMovieCellTableViewCell.xib */; };
		B13804052BE2BDC900D25CB7 /* MainMovieCellTableViewCell.swift in Sources */ = {isa = PBXBuildFile; fileRef = B13804022BE2BDC800D25CB7 /* MainMovieCellTableViewCell.swift */; };
		B13804072BE2C41100D25CB7 /* UIVeiw.swift in Sources */ = {isa = PBXBuildFile; fileRef = B13804062BE2C41100D25CB7 /* UIVeiw.swift */; };
		B199FCD72BD50E9800150AE7 /* AppDelegate.swift in Sources */ = {isa = PBXBuildFile; fileRef = B199FCD62BD50E9800150AE7 /* AppDelegate.swift */; };
		B199FCD92BD50E9800150AE7 /* SceneDelegate.swift in Sources */ = {isa = PBXBuildFile; fileRef = B199FCD82BD50E9800150AE7 /* SceneDelegate.swift */; };
		B199FCDB2BD50E9800150AE7 /* ViewController.swift in Sources */ = {isa = PBXBuildFile; fileRef = B199FCDA2BD50E9800150AE7 /* ViewController.swift */; };
		B199FCDE2BD50E9800150AE7 /* Base in Resources */ = {isa = PBXBuildFile; fileRef = B199FCDD2BD50E9800150AE7 /* Base */; };
		B199FCE02BD50E9A00150AE7 /* Assets.xcassets in Resources */ = {isa = PBXBuildFile; fileRef = B199FCDF2BD50E9A00150AE7 /* Assets.xcassets */; };
		B199FCE32BD50E9A00150AE7 /* Base in Resources */ = {isa = PBXBuildFile; fileRef = B199FCE22BD50E9A00150AE7 /* Base */; };
		B199FCEE2BD50E9B00150AE7 /* MovieListAppTests.swift in Sources */ = {isa = PBXBuildFile; fileRef = B199FCED2BD50E9B00150AE7 /* MovieListAppTests.swift */; };
		B199FCF82BD50E9B00150AE7 /* MovieListAppUITests.swift in Sources */ = {isa = PBXBuildFile; fileRef = B199FCF72BD50E9B00150AE7 /* MovieListAppUITests.swift */; };
		B199FCFA2BD50E9B00150AE7 /* MovieListAppUITestsLaunchTests.swift in Sources */ = {isa = PBXBuildFile; fileRef = B199FCF92BD50E9B00150AE7 /* MovieListAppUITestsLaunchTests.swift */; };
		B199FD0F2BD518DD00150AE7 /* ViewController=TableView.swift in Sources */ = {isa = PBXBuildFile; fileRef = B199FD0E2BD518DD00150AE7 /* ViewController=TableView.swift */; };
		B199FD112BD51AAB00150AE7 /* MainViewModel.swift in Sources */ = {isa = PBXBuildFile; fileRef = B199FD102BD51AAB00150AE7 /* MainViewModel.swift */; };
		B199FD132BD528CF00150AE7 /* NetworkConstants.swift in Sources */ = {isa = PBXBuildFile; fileRef = B199FD122BD528CF00150AE7 /* NetworkConstants.swift */; };
		B199FD152BD52A3100150AE7 /* ApiCaller.swift in Sources */ = {isa = PBXBuildFile; fileRef = B199FD142BD52A3100150AE7 /* ApiCaller.swift */; };
		B199FD172BD52A9A00150AE7 /* TrendingMoviesModel.swift in Sources */ = {isa = PBXBuildFile; fileRef = B199FD162BD52A9A00150AE7 /* TrendingMoviesModel.swift */; };
		B199FD192BD53B8300150AE7 /* Observable.swift in Sources */ = {isa = PBXBuildFile; fileRef = B199FD182BD53B8300150AE7 /* Observable.swift */; };
/* End PBXBuildFile section */

/* Begin PBXContainerItemProxy section */
		B199FCEA2BD50E9B00150AE7 /* PBXContainerItemProxy */ = {
			isa = PBXContainerItemProxy;
			containerPortal = B199FCCB2BD50E9800150AE7 /* Project object */;
			proxyType = 1;
			remoteGlobalIDString = B199FCD22BD50E9800150AE7;
			remoteInfo = MovieListApp;
		};
		B199FCF42BD50E9B00150AE7 /* PBXContainerItemProxy */ = {
			isa = PBXContainerItemProxy;
			containerPortal = B199FCCB2BD50E9800150AE7 /* Project object */;
			proxyType = 1;
			remoteGlobalIDString = B199FCD22BD50E9800150AE7;
			remoteInfo = MovieListApp;
		};
/* End PBXContainerItemProxy section */

/* Begin PBXFileReference section */
		B13804022BE2BDC800D25CB7 /* MainMovieCellTableViewCell.swift */ = {isa = PBXFileReference; lastKnownFileType = sourcecode.swift; path = MainMovieCellTableViewCell.swift; sourceTree = "<group>"; };
		B13804032BE2BDC800D25CB7 /* MainMovieCellTableViewCell.xib */ = {isa = PBXFileReference; lastKnownFileType = file.xib; path = MainMovieCellTableViewCell.xib; sourceTree = "<group>"; };
		B13804062BE2C41100D25CB7 /* UIVeiw.swift */ = {isa = PBXFileReference; lastKnownFileType = sourcecode.swift; path = UIVeiw.swift; sourceTree = "<group>"; };
		B199FCD32BD50E9800150AE7 /* MovieListApp.app */ = {isa = PBXFileReference; explicitFileType = wrapper.application; includeInIndex = 0; path = MovieListApp.app; sourceTree = BUILT_PRODUCTS_DIR; };
		B199FCD62BD50E9800150AE7 /* AppDelegate.swift */ = {isa = PBXFileReference; lastKnownFileType = sourcecode.swift; path = AppDelegate.swift; sourceTree = "<group>"; };
		B199FCD82BD50E9800150AE7 /* SceneDelegate.swift */ = {isa = PBXFileReference; lastKnownFileType = sourcecode.swift; path = SceneDelegate.swift; sourceTree = "<group>"; };
		B199FCDA2BD50E9800150AE7 /* ViewController.swift */ = {isa = PBXFileReference; lastKnownFileType = sourcecode.swift; path = ViewController.swift; sourceTree = "<group>"; };
		B199FCDD2BD50E9800150AE7 /* Base */ = {isa = PBXFileReference; lastKnownFileType = file.storyboard; name = Base; path = Base.lproj/Main.storyboard; sourceTree = "<group>"; };
		B199FCDF2BD50E9A00150AE7 /* Assets.xcassets */ = {isa = PBXFileReference; lastKnownFileType = folder.assetcatalog; path = Assets.xcassets; sourceTree = "<group>"; };
		B199FCE22BD50E9A00150AE7 /* Base */ = {isa = PBXFileReference; lastKnownFileType = file.storyboard; name = Base; path = Base.lproj/LaunchScreen.storyboard; sourceTree = "<group>"; };
		B199FCE42BD50E9A00150AE7 /* Info.plist */ = {isa = PBXFileReference; lastKnownFileType = text.plist.xml; path = Info.plist; sourceTree = "<group>"; };
		B199FCE92BD50E9B00150AE7 /* MovieListAppTests.xctest */ = {isa = PBXFileReference; explicitFileType = wrapper.cfbundle; includeInIndex = 0; path = MovieListAppTests.xctest; sourceTree = BUILT_PRODUCTS_DIR; };
		B199FCED2BD50E9B00150AE7 /* MovieListAppTests.swift */ = {isa = PBXFileReference; lastKnownFileType = sourcecode.swift; path = MovieListAppTests.swift; sourceTree = "<group>"; };
		B199FCF32BD50E9B00150AE7 /* MovieListAppUITests.xctest */ = {isa = PBXFileReference; explicitFileType = wrapper.cfbundle; includeInIndex = 0; path = MovieListAppUITests.xctest; sourceTree = BUILT_PRODUCTS_DIR; };
		B199FCF72BD50E9B00150AE7 /* MovieListAppUITests.swift */ = {isa = PBXFileReference; lastKnownFileType = sourcecode.swift; path = MovieListAppUITests.swift; sourceTree = "<group>"; };
		B199FCF92BD50E9B00150AE7 /* MovieListAppUITestsLaunchTests.swift */ = {isa = PBXFileReference; lastKnownFileType = sourcecode.swift; path = MovieListAppUITestsLaunchTests.swift; sourceTree = "<group>"; };
		B199FD0E2BD518DD00150AE7 /* ViewController=TableView.swift */ = {isa = PBXFileReference; lastKnownFileType = sourcecode.swift; path = "ViewController=TableView.swift"; sourceTree = "<group>"; };
		B199FD102BD51AAB00150AE7 /* MainViewModel.swift */ = {isa = PBXFileReference; lastKnownFileType = sourcecode.swift; path = MainViewModel.swift; sourceTree = "<group>"; };
		B199FD122BD528CF00150AE7 /* NetworkConstants.swift */ = {isa = PBXFileReference; lastKnownFileType = sourcecode.swift; path = NetworkConstants.swift; sourceTree = "<group>"; };
		B199FD142BD52A3100150AE7 /* ApiCaller.swift */ = {isa = PBXFileReference; lastKnownFileType = sourcecode.swift; path = ApiCaller.swift; sourceTree = "<group>"; };
		B199FD162BD52A9A00150AE7 /* TrendingMoviesModel.swift */ = {isa = PBXFileReference; lastKnownFileType = sourcecode.swift; path = TrendingMoviesModel.swift; sourceTree = "<group>"; };
		B199FD182BD53B8300150AE7 /* Observable.swift */ = {isa = PBXFileReference; lastKnownFileType = sourcecode.swift; path = Observable.swift; sourceTree = "<group>"; };
/* End PBXFileReference section */

/* Begin PBXFrameworksBuildPhase section */
		B199FCD02BD50E9800150AE7 /* Frameworks */ = {
			isa = PBXFrameworksBuildPhase;
			buildActionMask = 2147483647;
			files = (
			);
			runOnlyForDeploymentPostprocessing = 0;
		};
		B199FCE62BD50E9B00150AE7 /* Frameworks */ = {
			isa = PBXFrameworksBuildPhase;
			buildActionMask = 2147483647;
			files = (
			);
			runOnlyForDeploymentPostprocessing = 0;
		};
		B199FCF02BD50E9B00150AE7 /* Frameworks */ = {
			isa = PBXFrameworksBuildPhase;
			buildActionMask = 2147483647;
			files = (
			);
			runOnlyForDeploymentPostprocessing = 0;
		};
/* End PBXFrameworksBuildPhase section */

/* Begin PBXGroup section */
		B13804012BE2BD6900D25CB7 /* MainMovieCell */ = {
			isa = PBXGroup;
			children = (
				B13804022BE2BDC800D25CB7 /* MainMovieCellTableViewCell.swift */,
				B13804032BE2BDC800D25CB7 /* MainMovieCellTableViewCell.xib */,
			);
			path = MainMovieCell;
			sourceTree = "<group>";
		};
		B199FCCA2BD50E9800150AE7 = {
			isa = PBXGroup;
			children = (
				B199FCD52BD50E9800150AE7 /* MovieListApp */,
				B199FCEC2BD50E9B00150AE7 /* MovieListAppTests */,
				B199FCF62BD50E9B00150AE7 /* MovieListAppUITests */,
				B199FCD42BD50E9800150AE7 /* Products */,
			);
			sourceTree = "<group>";
		};
		B199FCD42BD50E9800150AE7 /* Products */ = {
			isa = PBXGroup;
			children = (
				B199FCD32BD50E9800150AE7 /* MovieListApp.app */,
				B199FCE92BD50E9B00150AE7 /* MovieListAppTests.xctest */,
				B199FCF32BD50E9B00150AE7 /* MovieListAppUITests.xctest */,
			);
			name = Products;
			sourceTree = "<group>";
		};
		B199FCD52BD50E9800150AE7 /* MovieListApp */ = {
			isa = PBXGroup;
			children = (
				B199FD0D2BD5150300150AE7 /* Networking */,
				B199FD0C2BD514E700150AE7 /* Classes */,
				B199FD0B2BD50F3500150AE7 /* Controller */,
				B199FD082BD50ED500150AE7 /* ViewModel */,
				B199FD072BD50EC400150AE7 /* View */,
				B199FD062BD50EBC00150AE7 /* Model */,
				B199FD0A2BD50F0700150AE7 /* Resources */,
				B199FD092BD50EEC00150AE7 /* Extenstions */,
				B199FCD62BD50E9800150AE7 /* AppDelegate.swift */,
				B199FCD82BD50E9800150AE7 /* SceneDelegate.swift */,
				B199FCE42BD50E9A00150AE7 /* Info.plist */,
			);
			path = MovieListApp;
			sourceTree = "<group>";
		};
		B199FCEC2BD50E9B00150AE7 /* MovieListAppTests */ = {
			isa = PBXGroup;
			children = (
				B199FCED2BD50E9B00150AE7 /* MovieListAppTests.swift */,
			);
			path = MovieListAppTests;
			sourceTree = "<group>";
		};
		B199FCF62BD50E9B00150AE7 /* MovieListAppUITests */ = {
			isa = PBXGroup;
			children = (
				B199FCF72BD50E9B00150AE7 /* MovieListAppUITests.swift */,
				B199FCF92BD50E9B00150AE7 /* MovieListAppUITestsLaunchTests.swift */,
			);
			path = MovieListAppUITests;
			sourceTree = "<group>";
		};
		B199FD062BD50EBC00150AE7 /* Model */ = {
			isa = PBXGroup;
			children = (
				B199FD162BD52A9A00150AE7 /* TrendingMoviesModel.swift */,
			);
			path = Model;
			sourceTree = "<group>";
		};
		B199FD072BD50EC400150AE7 /* View */ = {
			isa = PBXGroup;
			children = (
				B13804012BE2BD6900D25CB7 /* MainMovieCell */,
				B199FCE12BD50E9A00150AE7 /* LaunchScreen.storyboard */,
			);
			path = View;
			sourceTree = "<group>";
		};
		B199FD082BD50ED500150AE7 /* ViewModel */ = {
			isa = PBXGroup;
			children = (
				B199FD102BD51AAB00150AE7 /* MainViewModel.swift */,
			);
			path = ViewModel;
			sourceTree = "<group>";
		};
		B199FD092BD50EEC00150AE7 /* Extenstions */ = {
			isa = PBXGroup;
			children = (
				B13804062BE2C41100D25CB7 /* UIVeiw.swift */,
			);
			path = Extenstions;
			sourceTree = "<group>";
		};
		B199FD0A2BD50F0700150AE7 /* Resources */ = {
			isa = PBXGroup;
			children = (
				B199FCDF2BD50E9A00150AE7 /* Assets.xcassets */,
			);
			path = Resources;
			sourceTree = "<group>";
		};
		B199FD0B2BD50F3500150AE7 /* Controller */ = {
			isa = PBXGroup;
			children = (
				B199FCDA2BD50E9800150AE7 /* ViewController.swift */,
				B199FCDC2BD50E9800150AE7 /* Main.storyboard */,
				B199FD0E2BD518DD00150AE7 /* ViewController=TableView.swift */,
			);
			path = Controller;
			sourceTree = "<group>";
		};
		B199FD0C2BD514E700150AE7 /* Classes */ = {
			isa = PBXGroup;
			children = (
				B199FD182BD53B8300150AE7 /* Observable.swift */,
			);
			path = Classes;
			sourceTree = "<group>";
		};
		B199FD0D2BD5150300150AE7 /* Networking */ = {
			isa = PBXGroup;
			children = (
				B199FD122BD528CF00150AE7 /* NetworkConstants.swift */,
				B199FD142BD52A3100150AE7 /* ApiCaller.swift */,
			);
			path = Networking;
			sourceTree = "<group>";
		};
/* End PBXGroup section */

/* Begin PBXNativeTarget section */
		B199FCD22BD50E9800150AE7 /* MovieListApp */ = {
			isa = PBXNativeTarget;
			buildConfigurationList = B199FCFD2BD50E9B00150AE7 /* Build configuration list for PBXNativeTarget "MovieListApp" */;
			buildPhases = (
				B199FCCF2BD50E9800150AE7 /* Sources */,
				B199FCD02BD50E9800150AE7 /* Frameworks */,
				B199FCD12BD50E9800150AE7 /* Resources */,
			);
			buildRules = (
			);
			dependencies = (
			);
			name = MovieListApp;
			productName = MovieListApp;
			productReference = B199FCD32BD50E9800150AE7 /* MovieListApp.app */;
			productType = "com.apple.product-type.application";
		};
		B199FCE82BD50E9B00150AE7 /* MovieListAppTests */ = {
			isa = PBXNativeTarget;
			buildConfigurationList = B199FD002BD50E9B00150AE7 /* Build configuration list for PBXNativeTarget "MovieListAppTests" */;
			buildPhases = (
				B199FCE52BD50E9B00150AE7 /* Sources */,
				B199FCE62BD50E9B00150AE7 /* Frameworks */,
				B199FCE72BD50E9B00150AE7 /* Resources */,
			);
			buildRules = (
			);
			dependencies = (
				B199FCEB2BD50E9B00150AE7 /* PBXTargetDependency */,
			);
			name = MovieListAppTests;
			productName = MovieListAppTests;
			productReference = B199FCE92BD50E9B00150AE7 /* MovieListAppTests.xctest */;
			productType = "com.apple.product-type.bundle.unit-test";
		};
		B199FCF22BD50E9B00150AE7 /* MovieListAppUITests */ = {
			isa = PBXNativeTarget;
			buildConfigurationList = B199FD032BD50E9B00150AE7 /* Build configuration list for PBXNativeTarget "MovieListAppUITests" */;
			buildPhases = (
				B199FCEF2BD50E9B00150AE7 /* Sources */,
				B199FCF02BD50E9B00150AE7 /* Frameworks */,
				B199FCF12BD50E9B00150AE7 /* Resources */,
			);
			buildRules = (
			);
			dependencies = (
				B199FCF52BD50E9B00150AE7 /* PBXTargetDependency */,
			);
			name = MovieListAppUITests;
			productName = MovieListAppUITests;
			productReference = B199FCF32BD50E9B00150AE7 /* MovieListAppUITests.xctest */;
			productType = "com.apple.product-type.bundle.ui-testing";
		};
/* End PBXNativeTarget section */

/* Begin PBXProject section */
		B199FCCB2BD50E9800150AE7 /* Project object */ = {
			isa = PBXProject;
			attributes = {
				BuildIndependentTargetsInParallel = 1;
				LastSwiftUpdateCheck = 1530;
				LastUpgradeCheck = 1530;
				TargetAttributes = {
					B199FCD22BD50E9800150AE7 = {
						CreatedOnToolsVersion = 15.3;
					};
					B199FCE82BD50E9B00150AE7 = {
						CreatedOnToolsVersion = 15.3;
						TestTargetID = B199FCD22BD50E9800150AE7;
					};
					B199FCF22BD50E9B00150AE7 = {
						CreatedOnToolsVersion = 15.3;
						TestTargetID = B199FCD22BD50E9800150AE7;
					};
				};
			};
			buildConfigurationList = B199FCCE2BD50E9800150AE7 /* Build configuration list for PBXProject "MovieListApp" */;
			compatibilityVersion = "Xcode 14.0";
			developmentRegion = en;
			hasScannedForEncodings = 0;
			knownRegions = (
				en,
				Base,
			);
			mainGroup = B199FCCA2BD50E9800150AE7;
			productRefGroup = B199FCD42BD50E9800150AE7 /* Products */;
			projectDirPath = "";
			projectRoot = "";
			targets = (
				B199FCD22BD50E9800150AE7 /* MovieListApp */,
				B199FCE82BD50E9B00150AE7 /* MovieListAppTests */,
				B199FCF22BD50E9B00150AE7 /* MovieListAppUITests */,
			);
		};
/* End PBXProject section */

/* Begin PBXResourcesBuildPhase section */
		B199FCD12BD50E9800150AE7 /* Resources */ = {
			isa = PBXResourcesBuildPhase;
			buildActionMask = 2147483647;
			files = (
				B199FCE02BD50E9A00150AE7 /* Assets.xcassets in Resources */,
				B199FCE32BD50E9A00150AE7 /* Base in Resources */,
				B199FCDE2BD50E9800150AE7 /* Base in Resources */,
				B13804042BE2BDC900D25CB7 /* MainMovieCellTableViewCell.xib in Resources */,
			);
			runOnlyForDeploymentPostprocessing = 0;
		};
		B199FCE72BD50E9B00150AE7 /* Resources */ = {
			isa = PBXResourcesBuildPhase;
			buildActionMask = 2147483647;
			files = (
			);
			runOnlyForDeploymentPostprocessing = 0;
		};
		B199FCF12BD50E9B00150AE7 /* Resources */ = {
			isa = PBXResourcesBuildPhase;
			buildActionMask = 2147483647;
			files = (
			);
			runOnlyForDeploymentPostprocessing = 0;
		};
/* End PBXResourcesBuildPhase section */

/* Begin PBXSourcesBuildPhase section */
		B199FCCF2BD50E9800150AE7 /* Sources */ = {
			isa = PBXSourcesBuildPhase;
			buildActionMask = 2147483647;
			files = (
				B199FD132BD528CF00150AE7 /* NetworkConstants.swift in Sources */,
				B199FD112BD51AAB00150AE7 /* MainViewModel.swift in Sources */,
				B199FD152BD52A3100150AE7 /* ApiCaller.swift in Sources */,
				B199FD172BD52A9A00150AE7 /* TrendingMoviesModel.swift in Sources */,
				B13804072BE2C41100D25CB7 /* UIVeiw.swift in Sources */,
				B13804052BE2BDC900D25CB7 /* MainMovieCellTableViewCell.swift in Sources */,
				B199FD192BD53B8300150AE7 /* Observable.swift in Sources */,
				B199FD0F2BD518DD00150AE7 /* ViewController=TableView.swift in Sources */,
				B199FCDB2BD50E9800150AE7 /* ViewController.swift in Sources */,
				B199FCD72BD50E9800150AE7 /* AppDelegate.swift in Sources */,
				B199FCD92BD50E9800150AE7 /* SceneDelegate.swift in Sources */,
			);
			runOnlyForDeploymentPostprocessing = 0;
		};
		B199FCE52BD50E9B00150AE7 /* Sources */ = {
			isa = PBXSourcesBuildPhase;
			buildActionMask = 2147483647;
			files = (
				B199FCEE2BD50E9B00150AE7 /* MovieListAppTests.swift in Sources */,
			);
			runOnlyForDeploymentPostprocessing = 0;
		};
		B199FCEF2BD50E9B00150AE7 /* Sources */ = {
			isa = PBXSourcesBuildPhase;
			buildActionMask = 2147483647;
			files = (
				B199FCF82BD50E9B00150AE7 /* MovieListAppUITests.swift in Sources */,
				B199FCFA2BD50E9B00150AE7 /* MovieListAppUITestsLaunchTests.swift in Sources */,
			);
			runOnlyForDeploymentPostprocessing = 0;
		};
/* End PBXSourcesBuildPhase section */

/* Begin PBXTargetDependency section */
		B199FCEB2BD50E9B00150AE7 /* PBXTargetDependency */ = {
			isa = PBXTargetDependency;
			target = B199FCD22BD50E9800150AE7 /* MovieListApp */;
			targetProxy = B199FCEA2BD50E9B00150AE7 /* PBXContainerItemProxy */;
		};
		B199FCF52BD50E9B00150AE7 /* PBXTargetDependency */ = {
			isa = PBXTargetDependency;
			target = B199FCD22BD50E9800150AE7 /* MovieListApp */;
			targetProxy = B199FCF42BD50E9B00150AE7 /* PBXContainerItemProxy */;
		};
/* End PBXTargetDependency section */

/* Begin PBXVariantGroup section */
		B199FCDC2BD50E9800150AE7 /* Main.storyboard */ = {
			isa = PBXVariantGroup;
			children = (
				B199FCDD2BD50E9800150AE7 /* Base */,
			);
			name = Main.storyboard;
			sourceTree = "<group>";
		};
		B199FCE12BD50E9A00150AE7 /* LaunchScreen.storyboard */ = {
			isa = PBXVariantGroup;
			children = (
				B199FCE22BD50E9A00150AE7 /* Base */,
			);
			name = LaunchScreen.storyboard;
			sourceTree = "<group>";
		};
/* End PBXVariantGroup section */

/* Begin XCBuildConfiguration section */
		B199FCFB2BD50E9B00150AE7 /* Debug */ = {
			isa = XCBuildConfiguration;
			buildSettings = {
				ALWAYS_SEARCH_USER_PATHS = NO;
				ASSETCATALOG_COMPILER_GENERATE_SWIFT_ASSET_SYMBOL_EXTENSIONS = YES;
				CLANG_ANALYZER_NONNULL = YES;
				CLANG_ANALYZER_NUMBER_OBJECT_CONVERSION = YES_AGGRESSIVE;
				CLANG_CXX_LANGUAGE_STANDARD = "gnu++20";
				CLANG_ENABLE_MODULES = YES;
				CLANG_ENABLE_OBJC_ARC = YES;
				CLANG_ENABLE_OBJC_WEAK = YES;
				CLANG_WARN_BLOCK_CAPTURE_AUTORELEASING = YES;
				CLANG_WARN_BOOL_CONVERSION = YES;
				CLANG_WARN_COMMA = YES;
				CLANG_WARN_CONSTANT_CONVERSION = YES;
				CLANG_WARN_DEPRECATED_OBJC_IMPLEMENTATIONS = YES;
				CLANG_WARN_DIRECT_OBJC_ISA_USAGE = YES_ERROR;
				CLANG_WARN_DOCUMENTATION_COMMENTS = YES;
				CLANG_WARN_EMPTY_BODY = YES;
				CLANG_WARN_ENUM_CONVERSION = YES;
				CLANG_WARN_INFINITE_RECURSION = YES;
				CLANG_WARN_INT_CONVERSION = YES;
				CLANG_WARN_NON_LITERAL_NULL_CONVERSION = YES;
				CLANG_WARN_OBJC_IMPLICIT_RETAIN_SELF = YES;
				CLANG_WARN_OBJC_LITERAL_CONVERSION = YES;
				CLANG_WARN_OBJC_ROOT_CLASS = YES_ERROR;
				CLANG_WARN_QUOTED_INCLUDE_IN_FRAMEWORK_HEADER = YES;
				CLANG_WARN_RANGE_LOOP_ANALYSIS = YES;
				CLANG_WARN_STRICT_PROTOTYPES = YES;
				CLANG_WARN_SUSPICIOUS_MOVE = YES;
				CLANG_WARN_UNGUARDED_AVAILABILITY = YES_AGGRESSIVE;
				CLANG_WARN_UNREACHABLE_CODE = YES;
				CLANG_WARN__DUPLICATE_METHOD_MATCH = YES;
				COPY_PHASE_STRIP = NO;
				DEBUG_INFORMATION_FORMAT = dwarf;
				ENABLE_STRICT_OBJC_MSGSEND = YES;
				ENABLE_TESTABILITY = YES;
				ENABLE_USER_SCRIPT_SANDBOXING = YES;
				GCC_C_LANGUAGE_STANDARD = gnu17;
				GCC_DYNAMIC_NO_PIC = NO;
				GCC_NO_COMMON_BLOCKS = YES;
				GCC_OPTIMIZATION_LEVEL = 0;
				GCC_PREPROCESSOR_DEFINITIONS = (
					"DEBUG=1",
					"$(inherited)",
				);
				GCC_WARN_64_TO_32_BIT_CONVERSION = YES;
				GCC_WARN_ABOUT_RETURN_TYPE = YES_ERROR;
				GCC_WARN_UNDECLARED_SELECTOR = YES;
				GCC_WARN_UNINITIALIZED_AUTOS = YES_AGGRESSIVE;
				GCC_WARN_UNUSED_FUNCTION = YES;
				GCC_WARN_UNUSED_VARIABLE = YES;
				IPHONEOS_DEPLOYMENT_TARGET = 17.4;
				LOCALIZATION_PREFERS_STRING_CATALOGS = YES;
				MTL_ENABLE_DEBUG_INFO = INCLUDE_SOURCE;
				MTL_FAST_MATH = YES;
				ONLY_ACTIVE_ARCH = YES;
				SDKROOT = iphoneos;
				SWIFT_ACTIVE_COMPILATION_CONDITIONS = "DEBUG $(inherited)";
				SWIFT_OPTIMIZATION_LEVEL = "-Onone";
			};
			name = Debug;
		};
		B199FCFC2BD50E9B00150AE7 /* Release */ = {
			isa = XCBuildConfiguration;
			buildSettings = {
				ALWAYS_SEARCH_USER_PATHS = NO;
				ASSETCATALOG_COMPILER_GENERATE_SWIFT_ASSET_SYMBOL_EXTENSIONS = YES;
				CLANG_ANALYZER_NONNULL = YES;
				CLANG_ANALYZER_NUMBER_OBJECT_CONVERSION = YES_AGGRESSIVE;
				CLANG_CXX_LANGUAGE_STANDARD = "gnu++20";
				CLANG_ENABLE_MODULES = YES;
				CLANG_ENABLE_OBJC_ARC = YES;
				CLANG_ENABLE_OBJC_WEAK = YES;
				CLANG_WARN_BLOCK_CAPTURE_AUTORELEASING = YES;
				CLANG_WARN_BOOL_CONVERSION = YES;
				CLANG_WARN_COMMA = YES;
				CLANG_WARN_CONSTANT_CONVERSION = YES;
				CLANG_WARN_DEPRECATED_OBJC_IMPLEMENTATIONS = YES;
				CLANG_WARN_DIRECT_OBJC_ISA_USAGE = YES_ERROR;
				CLANG_WARN_DOCUMENTATION_COMMENTS = YES;
				CLANG_WARN_EMPTY_BODY = YES;
				CLANG_WARN_ENUM_CONVERSION = YES;
				CLANG_WARN_INFINITE_RECURSION = YES;
				CLANG_WARN_INT_CONVERSION = YES;
				CLANG_WARN_NON_LITERAL_NULL_CONVERSION = YES;
				CLANG_WARN_OBJC_IMPLICIT_RETAIN_SELF = YES;
				CLANG_WARN_OBJC_LITERAL_CONVERSION = YES;
				CLANG_WARN_OBJC_ROOT_CLASS = YES_ERROR;
				CLANG_WARN_QUOTED_INCLUDE_IN_FRAMEWORK_HEADER = YES;
				CLANG_WARN_RANGE_LOOP_ANALYSIS = YES;
				CLANG_WARN_STRICT_PROTOTYPES = YES;
				CLANG_WARN_SUSPICIOUS_MOVE = YES;
				CLANG_WARN_UNGUARDED_AVAILABILITY = YES_AGGRESSIVE;
				CLANG_WARN_UNREACHABLE_CODE = YES;
				CLANG_WARN__DUPLICATE_METHOD_MATCH = YES;
				COPY_PHASE_STRIP = NO;
				DEBUG_INFORMATION_FORMAT = "dwarf-with-dsym";
				ENABLE_NS_ASSERTIONS = NO;
				ENABLE_STRICT_OBJC_MSGSEND = YES;
				ENABLE_USER_SCRIPT_SANDBOXING = YES;
				GCC_C_LANGUAGE_STANDARD = gnu17;
				GCC_NO_COMMON_BLOCKS = YES;
				GCC_WARN_64_TO_32_BIT_CONVERSION = YES;
				GCC_WARN_ABOUT_RETURN_TYPE = YES_ERROR;
				GCC_WARN_UNDECLARED_SELECTOR = YES;
				GCC_WARN_UNINITIALIZED_AUTOS = YES_AGGRESSIVE;
				GCC_WARN_UNUSED_FUNCTION = YES;
				GCC_WARN_UNUSED_VARIABLE = YES;
				IPHONEOS_DEPLOYMENT_TARGET = 17.4;
				LOCALIZATION_PREFERS_STRING_CATALOGS = YES;
				MTL_ENABLE_DEBUG_INFO = NO;
				MTL_FAST_MATH = YES;
				SDKROOT = iphoneos;
				SWIFT_COMPILATION_MODE = wholemodule;
				VALIDATE_PRODUCT = YES;
			};
			name = Release;
		};
		B199FCFE2BD50E9B00150AE7 /* Debug */ = {
			isa = XCBuildConfiguration;
			buildSettings = {
				ASSETCATALOG_COMPILER_APPICON_NAME = AppIcon;
				ASSETCATALOG_COMPILER_GLOBAL_ACCENT_COLOR_NAME = AccentColor;
				CODE_SIGN_STYLE = Automatic;
				CURRENT_PROJECT_VERSION = 1;
				GENERATE_INFOPLIST_FILE = YES;
				INFOPLIST_FILE = MovieListApp/Info.plist;
				INFOPLIST_KEY_UIApplicationSupportsIndirectInputEvents = YES;
				INFOPLIST_KEY_UILaunchStoryboardName = LaunchScreen;
				INFOPLIST_KEY_UIMainStoryboardFile = Main;
				INFOPLIST_KEY_UISupportedInterfaceOrientations_iPad = "UIInterfaceOrientationPortrait UIInterfaceOrientationPortraitUpsideDown UIInterfaceOrientationLandscapeLeft UIInterfaceOrientationLandscapeRight";
				INFOPLIST_KEY_UISupportedInterfaceOrientations_iPhone = "UIInterfaceOrientationPortrait UIInterfaceOrientationLandscapeLeft UIInterfaceOrientationLandscapeRight";
				LD_RUNPATH_SEARCH_PATHS = (
					"$(inherited)",
					"@executable_path/Frameworks",
				);
				MARKETING_VERSION = 1.0;
				PRODUCT_BUNDLE_IDENTIFIER = com.swfitUTutorial.MovieListApp;
				PRODUCT_NAME = "$(TARGET_NAME)";
				SWIFT_EMIT_LOC_STRINGS = YES;
				SWIFT_VERSION = 5.0;
				TARGETED_DEVICE_FAMILY = "1,2";
			};
			name = Debug;
		};
		B199FCFF2BD50E9B00150AE7 /* Release */ = {
			isa = XCBuildConfiguration;
			buildSettings = {
				ASSETCATALOG_COMPILER_APPICON_NAME = AppIcon;
				ASSETCATALOG_COMPILER_GLOBAL_ACCENT_COLOR_NAME = AccentColor;
				CODE_SIGN_STYLE = Automatic;
				CURRENT_PROJECT_VERSION = 1;
				GENERATE_INFOPLIST_FILE = YES;
				INFOPLIST_FILE = MovieListApp/Info.plist;
				INFOPLIST_KEY_UIApplicationSupportsIndirectInputEvents = YES;
				INFOPLIST_KEY_UILaunchStoryboardName = LaunchScreen;
				INFOPLIST_KEY_UIMainStoryboardFile = Main;
				INFOPLIST_KEY_UISupportedInterfaceOrientations_iPad = "UIInterfaceOrientationPortrait UIInterfaceOrientationPortraitUpsideDown UIInterfaceOrientationLandscapeLeft UIInterfaceOrientationLandscapeRight";
				INFOPLIST_KEY_UISupportedInterfaceOrientations_iPhone = "UIInterfaceOrientationPortrait UIInterfaceOrientationLandscapeLeft UIInterfaceOrientationLandscapeRight";
				LD_RUNPATH_SEARCH_PATHS = (
					"$(inherited)",
					"@executable_path/Frameworks",
				);
				MARKETING_VERSION = 1.0;
				PRODUCT_BUNDLE_IDENTIFIER = com.swfitUTutorial.MovieListApp;
				PRODUCT_NAME = "$(TARGET_NAME)";
				SWIFT_EMIT_LOC_STRINGS = YES;
				SWIFT_VERSION = 5.0;
				TARGETED_DEVICE_FAMILY = "1,2";
			};
			name = Release;
		};
		B199FD012BD50E9B00150AE7 /* Debug */ = {
			isa = XCBuildConfiguration;
			buildSettings = {
				ALWAYS_EMBED_SWIFT_STANDARD_LIBRARIES = YES;
				BUNDLE_LOADER = "$(TEST_HOST)";
				CODE_SIGN_STYLE = Automatic;
				CURRENT_PROJECT_VERSION = 1;
				GENERATE_INFOPLIST_FILE = YES;
				IPHONEOS_DEPLOYMENT_TARGET = 17.4;
				MARKETING_VERSION = 1.0;
				PRODUCT_BUNDLE_IDENTIFIER = com.swfitUTutorial.MovieListAppTests;
				PRODUCT_NAME = "$(TARGET_NAME)";
				SWIFT_EMIT_LOC_STRINGS = NO;
				SWIFT_VERSION = 5.0;
				TARGETED_DEVICE_FAMILY = "1,2";
				TEST_HOST = "$(BUILT_PRODUCTS_DIR)/MovieListApp.app/$(BUNDLE_EXECUTABLE_FOLDER_PATH)/MovieListApp";
			};
			name = Debug;
		};
		B199FD022BD50E9B00150AE7 /* Release */ = {
			isa = XCBuildConfiguration;
			buildSettings = {
				ALWAYS_EMBED_SWIFT_STANDARD_LIBRARIES = YES;
				BUNDLE_LOADER = "$(TEST_HOST)";
				CODE_SIGN_STYLE = Automatic;
				CURRENT_PROJECT_VERSION = 1;
				GENERATE_INFOPLIST_FILE = YES;
				IPHONEOS_DEPLOYMENT_TARGET = 17.4;
				MARKETING_VERSION = 1.0;
				PRODUCT_BUNDLE_IDENTIFIER = com.swfitUTutorial.MovieListAppTests;
				PRODUCT_NAME = "$(TARGET_NAME)";
				SWIFT_EMIT_LOC_STRINGS = NO;
				SWIFT_VERSION = 5.0;
				TARGETED_DEVICE_FAMILY = "1,2";
				TEST_HOST = "$(BUILT_PRODUCTS_DIR)/MovieListApp.app/$(BUNDLE_EXECUTABLE_FOLDER_PATH)/MovieListApp";
			};
			name = Release;
		};
		B199FD042BD50E9B00150AE7 /* Debug */ = {
			isa = XCBuildConfiguration;
			buildSettings = {
				ALWAYS_EMBED_SWIFT_STANDARD_LIBRARIES = YES;
				CODE_SIGN_STYLE = Automatic;
				CURRENT_PROJECT_VERSION = 1;
				GENERATE_INFOPLIST_FILE = YES;
				MARKETING_VERSION = 1.0;
				PRODUCT_BUNDLE_IDENTIFIER = com.swfitUTutorial.MovieListAppUITests;
				PRODUCT_NAME = "$(TARGET_NAME)";
				SWIFT_EMIT_LOC_STRINGS = NO;
				SWIFT_VERSION = 5.0;
				TARGETED_DEVICE_FAMILY = "1,2";
				TEST_TARGET_NAME = MovieListApp;
			};
			name = Debug;
		};
		B199FD052BD50E9B00150AE7 /* Release */ = {
			isa = XCBuildConfiguration;
			buildSettings = {
				ALWAYS_EMBED_SWIFT_STANDARD_LIBRARIES = YES;
				CODE_SIGN_STYLE = Automatic;
				CURRENT_PROJECT_VERSION = 1;
				GENERATE_INFOPLIST_FILE = YES;
				MARKETING_VERSION = 1.0;
				PRODUCT_BUNDLE_IDENTIFIER = com.swfitUTutorial.MovieListAppUITests;
				PRODUCT_NAME = "$(TARGET_NAME)";
				SWIFT_EMIT_LOC_STRINGS = NO;
				SWIFT_VERSION = 5.0;
				TARGETED_DEVICE_FAMILY = "1,2";
				TEST_TARGET_NAME = MovieListApp;
			};
			name = Release;
		};
/* End XCBuildConfiguration section */

/* Begin XCConfigurationList section */
		B199FCCE2BD50E9800150AE7 /* Build configuration list for PBXProject "MovieListApp" */ = {
			isa = XCConfigurationList;
			buildConfigurations = (
				B199FCFB2BD50E9B00150AE7 /* Debug */,
				B199FCFC2BD50E9B00150AE7 /* Release */,
			);
			defaultConfigurationIsVisible = 0;
			defaultConfigurationName = Release;
		};
		B199FCFD2BD50E9B00150AE7 /* Build configuration list for PBXNativeTarget "MovieListApp" */ = {
			isa = XCConfigurationList;
			buildConfigurations = (
				B199FCFE2BD50E9B00150AE7 /* Debug */,
				B199FCFF2BD50E9B00150AE7 /* Release */,
			);
			defaultConfigurationIsVisible = 0;
			defaultConfigurationName = Release;
		};
		B199FD002BD50E9B00150AE7 /* Build configuration list for PBXNativeTarget "MovieListAppTests" */ = {
			isa = XCConfigurationList;
			buildConfigurations = (
				B199FD012BD50E9B00150AE7 /* Debug */,
				B199FD022BD50E9B00150AE7 /* Release */,
			);
			defaultConfigurationIsVisible = 0;
			defaultConfigurationName = Release;
		};
		B199FD032BD50E9B00150AE7 /* Build configuration list for PBXNativeTarget "MovieListAppUITests" */ = {
			isa = XCConfigurationList;
			buildConfigurations = (
				B199FD042BD50E9B00150AE7 /* Debug */,
				B199FD052BD50E9B00150AE7 /* Release */,
			);
			defaultConfigurationIsVisible = 0;
			defaultConfigurationName = Release;
		};
/* End XCConfigurationList section */
	};
	rootObject = B199FCCB2BD50E9800150AE7 /* Project object */;
}
